{
  "version": "3",
  "packages": {
    "specifiers": {
      "npm:@types/ramda@^0.29.9": "npm:@types/ramda@0.29.9",
      "npm:crocks@0.12.4": "npm:crocks@0.12.4",
      "npm:ramda@0.28.0": "npm:ramda@0.28.0",
      "npm:ramda@0.29.1": "npm:ramda@0.29.1"
    },
    "npm": {
      "@types/ramda@0.29.9": {
        "integrity": "sha512-X3yEG6tQCWBcUAql+RPC/O1Hm9BSU+MXu2wJnCETuAgUlrEDwTA1kIOdEEE4YXDtf0zfQLHa9CCE7WYp9kqPIQ==",
        "dependencies": {
          "types-ramda": "types-ramda@0.29.6"
        }
      },
      "crocks@0.12.4": {
        "integrity": "sha512-paln6xJUrR9e/OWMFsyTi4dLyr+q99C5f7PQbGgSDHtwsfW0sCNZvnpHzvniI2dAE0uoBgeIP1Ukmme8Z0HxxA==",
        "dependencies": {}
      },
      "ramda@0.28.0": {
        "integrity": "sha512-9QnLuG/kPVgWvMQ4aODhsBUFKOUmnbUnsSXACv+NCQZcHbeb+v8Lodp8OVxtRULN1/xOyYLLaL6npE6dMq5QTA==",
        "dependencies": {}
      },
      "ramda@0.29.1": {
        "integrity": "sha512-OfxIeWzd4xdUNxlWhgFazxsA/nl3mS4/jGZI5n00uWOoSSFRhC1b6gl6xvmzUamgmqELraWp0J/qqVlXYPDPyA==",
        "dependencies": {}
      },
      "ts-toolbelt@9.6.0": {
        "integrity": "sha512-nsZd8ZeNUzukXPlJmTBwUAuABDe/9qtVDelJeT/qW0ow3ZS3BsQJtNkan1802aM9Uf68/Y8ljw86Hu0h5IUW3w==",
        "dependencies": {}
      },
      "types-ramda@0.29.6": {
        "integrity": "sha512-VJoOk1uYNh9ZguGd3eZvqkdhD4hTGtnjRBUx5Zc0U9ftmnCgiWcSj/lsahzKunbiwRje1MxxNkEy1UdcXRCpYw==",
        "dependencies": {
          "ts-toolbelt": "ts-toolbelt@9.6.0"
        }
      }
    }
  },
  "remote": {
    "https://cdn.skypack.dev/-/argsarray@v0.0.1-Re4xFllK2yOPV1bB2lHM/dist=es2020,mode=imports/optimized/argsarray.js": "bb4106096b2ac9b3bdfe941564050fb4766d39a75a8c22f5f61356f63fd2b8fe",
    "https://cdn.skypack.dev/-/immediate@v3.3.0-eUEi0sql9WWEFvjSWGFg/dist=es2020,mode=imports/optimized/immediate.js": "88fcd56a4979b00c084943654b81dbf9d9d8f8d4dc003ad6dc4bbe33334d0f8d",
    "https://cdn.skypack.dev/-/indexeddbshim@v9.0.0-QVaW8rBIOGlJegwkWTsK/dist=es2020,mode=imports/unoptimized/dist/indexeddbshim-noninvasive.js": "036e9191db93ef296b84a8a59192d4851f231e3b76a638543491cf81fe08b666",
    "https://cdn.skypack.dev/-/inherits@v2.0.4-KMaJYACWZTuZGLpDmPB5/dist=es2020,mode=imports/optimized/inherits.js": "7dcafb2d3af9496f5ac53efdcfdb0badd089b592c117476dd5989065f4c33a49",
    "https://cdn.skypack.dev/-/pouchdb-abstract-mapreduce@v7.3.0-fMORG4ocVW5OgreqkBuR/dist=es2020,mode=imports/optimized/pouchdb-abstract-mapreduce.js": "b5126de011968498d5a4c002aae6f261732e474d01d71a3367d0bff4d797c74c",
    "https://cdn.skypack.dev/-/pouchdb-adapter-http@v7.3.0-wNzBHi1B5WLNzMPlTnWb/dist=es2020,mode=imports/optimized/pouchdb-adapter-http.js": "e6bf2933c4e87f39a30995bfd29d141e8912ab2068e1beaf2ddca6a7606d12a0",
    "https://cdn.skypack.dev/-/pouchdb-adapter-idb@v7.3.0-zIdGq675NuTdgkAjGFSh/dist=es2020,mode=imports/optimized/pouchdb-adapter-idb.js": "d610fbaaab7014a70cb752c44792f14941f04a62ae6dd0a6f15aedfa08db498c",
    "https://cdn.skypack.dev/-/pouchdb-adapter-utils@v7.3.0-HAuHaBCKqnQCWVHSh0CE/dist=es2020,mode=imports/optimized/pouchdb-adapter-utils.js": "0cf6e4a64bab3c7fb190e6f620916b23182e4789ec164c2686a83c6e6d629cf6",
    "https://cdn.skypack.dev/-/pouchdb-binary-utils@v7.3.0-nbM9O3PTtER73MW08VHL/dist=es2020,mode=imports/optimized/pouchdb-binary-utils.js": "259d51f59c5fe21c8622c3b9ee31322f1aad777325d6763246d1088ca025014d",
    "https://cdn.skypack.dev/-/pouchdb-changes-filter@v7.3.0-i2nCRKrVO4SVheQqH1VH/dist=es2020,mode=imports/optimized/pouchdb-changes-filter.js": "2d2581347ab363285d0cf67a06249895a6580fcf38f4bf9fd34910a6a349500e",
    "https://cdn.skypack.dev/-/pouchdb-checkpointer@v7.3.0-FgVgNyKQoYg7STKScPyW/dist=es2020,mode=imports/optimized/pouchdb-checkpointer.js": "8482f659ca54bd1161ab2f5fe996eaac443cb80a55ad5248e8670d7609fe09d5",
    "https://cdn.skypack.dev/-/pouchdb-collate@v7.3.0-uISbLVYNp6Ary8ZnWDk6/dist=es2020,mode=imports/optimized/pouchdb-collate.js": "c26d78ed7ba8b13c04525f920fcc7389807ccb9a53aa00e76559f4ce5e1d0822",
    "https://cdn.skypack.dev/-/pouchdb-collections@v7.3.0-KI6SvylZjJ3eNzTohFa8/dist=es2020,mode=imports/optimized/pouchdb-collections.js": "39839b991a36d9cfe2f5d48349b388718376cb4c4e4604d71827a0a3cc354b3e",
    "https://cdn.skypack.dev/-/pouchdb-core@v7.3.0-89HuCNEcWBT7jv1msAf2/dist=es2020,mode=imports/optimized/pouchdb-core.js": "79c76ce4ff837d22497b937f8fc38753231c88b9e6909b8ad5ea84b1592d5cc7",
    "https://cdn.skypack.dev/-/pouchdb-errors@v7.3.0-b2kOuuJlfogCqGmKJ3cE/dist=es2020,mode=imports/optimized/pouchdb-errors.js": "1929c3baa144a4e695b13b0619730f926a47d2fc75db23797080630f6e10d446",
    "https://cdn.skypack.dev/-/pouchdb-fetch@v7.3.0-l6TNSgCRVLaoNt6NIhoj/dist=es2020,mode=imports/optimized/pouchdb-fetch.js": "f86a93cdde25a99f2a367bf37c59f3868e5849bbf86fade930934fd009164ae2",
    "https://cdn.skypack.dev/-/pouchdb-generate-replication-id@v7.3.0-92wIMCAEIhWHlL6vvzqO/dist=es2020,mode=imports/optimized/pouchdb-generate-replication-id.js": "204a6af729435d6ef8ae964ab580f43465857f396a723ba24496df1644ba1195",
    "https://cdn.skypack.dev/-/pouchdb-json@v7.3.0-QrCWWu9xBqDiiAjgY3qI/dist=es2020,mode=imports/optimized/pouchdb-json.js": "a94720f3fa6bd1e2d29b809dd3535f86d089b42a6562649daf4873af7214898d",
    "https://cdn.skypack.dev/-/pouchdb-mapreduce-utils@v7.3.0-uk0yBIwcmUN7Ynh9k0mR/dist=es2020,mode=imports/optimized/pouchdb-mapreduce-utils.js": "37c6bd3ca695e4d56568849f4ae1f8f3f8825efcc7208de6e8bbf822b37df09b",
    "https://cdn.skypack.dev/-/pouchdb-mapreduce@v7.3.0-IEG2Gq1jfS0hW8QXVXqd/dist=es2020,mode=imports/optimized/pouchdb-mapreduce.js": "e3ed446100872faa2d2ed25fa05b82a833b5d4d96e20006334484377438d6d8d",
    "https://cdn.skypack.dev/-/pouchdb-md5@v7.3.0-0HU1827yDgECvXSzkhzH/dist=es2020,mode=imports/optimized/pouchdb-md5.js": "99b13350416e213a9c02ee3e4da24f8d0489365f52c93b6230d1a6638dc43c5a",
    "https://cdn.skypack.dev/-/pouchdb-merge@v7.3.0-vvgzG4W7pg25SW1phNqO/dist=es2020,mode=imports/optimized/pouchdb-merge.js": "aa659cd592e7f0db62244de2db64d966a23f3314fa083c4034626fc300eae9e5",
    "https://cdn.skypack.dev/-/pouchdb-replication@v7.3.0-1sg1NWcwDf6gKFeXsMmq/dist=es2020,mode=imports/optimized/pouchdb-replication.js": "50a23799d9672b7c35811962aa353ab219429dc24e7817fa553ee4d3cb7e9b48",
    "https://cdn.skypack.dev/-/pouchdb-selector-core@v7.3.0-HnJHYQOVROLoDb3C4d0W/dist=es2020,mode=imports/optimized/pouchdb-selector-core.js": "ff34b9d2a1ae288a0d41877b6b690f70a6b03b03646a4ebbd1b4e1d5ceba91e3",
    "https://cdn.skypack.dev/-/pouchdb-utils@v7.3.0-lHJj9wXpdEf2oG8XiJXZ/dist=es2020,mode=imports/optimized/pouchdb-utils.js": "37b766c97103f10093a727687f098a28ca8cbeae268d70bcd901d0e9b49e2fce",
    "https://cdn.skypack.dev/-/pouchdb@v7.3.0-bcA2ZAvx5a5vy7YRYZRz/dist=es2020,mode=imports/unoptimized/dist/pouchdb.find.js": "d4119c6abf1784f696516fae1f877afb966dd4cfd24d5cfd1af67acf94d4bb93",
    "https://cdn.skypack.dev/-/pouchdb@v7.3.0-bcA2ZAvx5a5vy7YRYZRz/dist=es2020,mode=imports/unoptimized/dist/pouchdb.indexeddb.js": "6a3702543f111203bf7aa6ce2e46e4d43ee5a8af3e3bc62b2450b5eeab98440d",
    "https://cdn.skypack.dev/-/pouchdb@v7.3.0-bcA2ZAvx5a5vy7YRYZRz/dist=es2020,mode=imports/unoptimized/dist/pouchdb.memory.js": "320f1d95baafc704ebace29422a81e4e9590d05126b8b452eac7a9d73a98d168",
    "https://cdn.skypack.dev/-/regenerator-runtime@v0.13.9-4Dxus9nU31cBsHxnWq2H/dist=es2020,mode=imports/optimized/regenerator-runtime.js": "9d5c28ca64c45a9e606d5f3b35aec61568ed451495968171c8cc3ef1923cb7fe",
    "https://cdn.skypack.dev/-/spark-md5@v3.0.2-31IazxoH2otDpq6Lubie/dist=es2020,mode=imports/optimized/spark-md5.js": "ac666d651e859b06a3b252cb250066834bb42952042ce19b9912008b912580dd",
    "https://cdn.skypack.dev/-/uuid@v8.3.2-XAQ9X05vJqvKpZccxFGc/dist=es2020,mode=imports/optimized/uuid.js": "2269db8209b0d0e0430b48430585ef0dfe4388c020b7d371643f318a3b795164",
    "https://cdn.skypack.dev/-/vuvuzela@v1.0.3-Fudn0YxONVgYHwntZdNF/dist=es2020,mode=imports/optimized/vuvuzela.js": "71c6d000d344162f3ec11eee7d404ed11be9c8d09252ddc1c42741a22913bad0",
    "https://cdn.skypack.dev/pin/indexeddbshim@v9.0.0-QVaW8rBIOGlJegwkWTsK/mode=imports/unoptimized/dist/indexeddbshim-noninvasive.js": "978a698ccf50ce19735b1da6cad00277cc8fc790610df183c61c2f9cc1df9c9b",
    "https://cdn.skypack.dev/pin/pouchdb-adapter-http@v7.3.0-wNzBHi1B5WLNzMPlTnWb/mode=imports/optimized/pouchdb-adapter-http.js": "023e92d130094b0e43638ee849b5b4f539fd987034104452c933fcd505a96242",
    "https://cdn.skypack.dev/pin/pouchdb-adapter-idb@v7.3.0-zIdGq675NuTdgkAjGFSh/mode=imports/optimized/pouchdb-adapter-idb.js": "76bd6a4758f5c20caa03cba2b52a7345d5d724393bda93b82131342461d300d4",
    "https://cdn.skypack.dev/pin/pouchdb-core@v7.3.0-89HuCNEcWBT7jv1msAf2/mode=imports/optimized/pouchdb-core.js": "66ab654df46ef713bc9822010e2a9be5caa974ece65a88f72e10951836da3b99",
    "https://cdn.skypack.dev/pin/pouchdb-mapreduce@v7.3.0-IEG2Gq1jfS0hW8QXVXqd/mode=imports/optimized/pouchdb-mapreduce.js": "a3de4068dc28370f051741c4eeec69ee2872c21d32ad3d0fe410b94e97846b38",
    "https://cdn.skypack.dev/pin/pouchdb-replication@v7.3.0-1sg1NWcwDf6gKFeXsMmq/mode=imports/optimized/pouchdb-replication.js": "474a0861108abb668cba6d1897a6ad947eb3573a7ee75875e501d6988ec0dfa6",
    "https://cdn.skypack.dev/pin/pouchdb@v7.3.0-bcA2ZAvx5a5vy7YRYZRz/mode=imports/unoptimized/dist/pouchdb.find.js": "405eb07824af0b741c87b2995286c5fbc5b09f0784b0afabcd9321cda1439748",
    "https://cdn.skypack.dev/pin/pouchdb@v7.3.0-bcA2ZAvx5a5vy7YRYZRz/mode=imports/unoptimized/dist/pouchdb.indexeddb.js": "17dfd5b4c782e8029934c5560cf797e48c7fb146bbf528823cf84ab3565e0e93",
    "https://cdn.skypack.dev/pin/pouchdb@v7.3.0-bcA2ZAvx5a5vy7YRYZRz/mode=imports/unoptimized/dist/pouchdb.memory.js": "88ba4da511e89091bb2e3b21e64c74052d8a9c5676ff8902637ed1db71950370",
    "https://cdn.skypack.dev/pin/regenerator-runtime@v0.13.9-4Dxus9nU31cBsHxnWq2H/mode=imports/optimized/regenerator-runtime.js": "091dd6c5266025b80081cdd5bbadd9f6e03cad950c8a16c7454b58d77b422253",
    "https://deno.land/std@0.136.0/_util/assert.ts": "e94f2eb37cebd7f199952e242c77654e43333c1ac4c5c700e929ea3aa5489f74",
    "https://deno.land/std@0.136.0/_util/os.ts": "49b92edea1e82ba295ec946de8ffd956ed123e2948d9bd1d3e901b04e4307617",
    "https://deno.land/std@0.136.0/path/_constants.ts": "df1db3ffa6dd6d1252cc9617e5d72165cd2483df90e93833e13580687b6083c3",
    "https://deno.land/std@0.136.0/path/_interface.ts": "ee3b431a336b80cf445441109d089b70d87d5e248f4f90ff906820889ecf8d09",
    "https://deno.land/std@0.136.0/path/_util.ts": "c1e9686d0164e29f7d880b2158971d805b6e0efc3110d0b3e24e4b8af2190d2b",
    "https://deno.land/std@0.136.0/path/common.ts": "bee563630abd2d97f99d83c96c2fa0cca7cee103e8cb4e7699ec4d5db7bd2633",
    "https://deno.land/std@0.136.0/path/glob.ts": "cb5255638de1048973c3e69e420c77dc04f75755524cb3b2e160fe9277d939ee",
    "https://deno.land/std@0.136.0/path/mod.ts": "4275129bb766f0e475ecc5246aa35689eeade419d72a48355203f31802640be7",
    "https://deno.land/std@0.136.0/path/posix.ts": "293cdaec3ecccec0a9cc2b534302dfe308adb6f10861fa183275d6695faace44",
    "https://deno.land/std@0.136.0/path/separator.ts": "fe1816cb765a8068afb3e8f13ad272351c85cbc739af56dacfc7d93d710fe0f9",
    "https://deno.land/std@0.136.0/path/win32.ts": "31811536855e19ba37a999cd8d1b62078235548d67902ece4aa6b814596dd757",
    "https://deno.land/std@0.208.0/assert/_constants.ts": "8a9da298c26750b28b326b297316cdde860bc237533b07e1337c021379e6b2a9",
    "https://deno.land/std@0.208.0/assert/_diff.ts": "58e1461cc61d8eb1eacbf2a010932bf6a05b79344b02ca38095f9b805795dc48",
    "https://deno.land/std@0.208.0/assert/_format.ts": "a69126e8a469009adf4cf2a50af889aca364c349797e63174884a52ff75cf4c7",
    "https://deno.land/std@0.208.0/assert/assert.ts": "9a97dad6d98c238938e7540736b826440ad8c1c1e54430ca4c4e623e585607ee",
    "https://deno.land/std@0.208.0/assert/assert_almost_equals.ts": "e15ca1f34d0d5e0afae63b3f5d975cbd18335a132e42b0c747d282f62ad2cd6c",
    "https://deno.land/std@0.208.0/assert/assert_array_includes.ts": "6856d7f2c3544bc6e62fb4646dfefa3d1df5ff14744d1bca19f0cbaf3b0d66c9",
    "https://deno.land/std@0.208.0/assert/assert_equals.ts": "d8ec8a22447fbaf2fc9d7c3ed2e66790fdb74beae3e482855d75782218d68227",
    "https://deno.land/std@0.208.0/assert/assert_exists.ts": "407cb6b9fb23a835cd8d5ad804e2e2edbbbf3870e322d53f79e1c7a512e2efd7",
    "https://deno.land/std@0.208.0/assert/assert_false.ts": "0ccbcaae910f52c857192ff16ea08bda40fdc79de80846c206bfc061e8c851c6",
    "https://deno.land/std@0.208.0/assert/assert_greater.ts": "ae2158a2d19313bf675bf7251d31c6dc52973edb12ac64ac8fc7064152af3e63",
    "https://deno.land/std@0.208.0/assert/assert_greater_or_equal.ts": "1439da5ebbe20855446cac50097ac78b9742abe8e9a43e7de1ce1426d556e89c",
    "https://deno.land/std@0.208.0/assert/assert_instance_of.ts": "3aedb3d8186e120812d2b3a5dea66a6e42bf8c57a8bd927645770bd21eea554c",
    "https://deno.land/std@0.208.0/assert/assert_is_error.ts": "c21113094a51a296ffaf036767d616a78a2ae5f9f7bbd464cd0197476498b94b",
    "https://deno.land/std@0.208.0/assert/assert_less.ts": "aec695db57db42ec3e2b62e97e1e93db0063f5a6ec133326cc290ff4b71b47e4",
    "https://deno.land/std@0.208.0/assert/assert_less_or_equal.ts": "5fa8b6a3ffa20fd0a05032fe7257bf985d207b85685fdbcd23651b70f928c848",
    "https://deno.land/std@0.208.0/assert/assert_match.ts": "c4083f80600bc190309903c95e397a7c9257ff8b5ae5c7ef91e834704e672e9b",
    "https://deno.land/std@0.208.0/assert/assert_not_equals.ts": "9f1acab95bd1f5fc9a1b17b8027d894509a745d91bac1718fdab51dc76831754",
    "https://deno.land/std@0.208.0/assert/assert_not_instance_of.ts": "0c14d3dfd9ab7a5276ed8ed0b18c703d79a3d106102077ec437bfe7ed912bd22",
    "https://deno.land/std@0.208.0/assert/assert_not_match.ts": "3796a5b0c57a1ce6c1c57883dd4286be13a26f715ea662318ab43a8491a13ab0",
    "https://deno.land/std@0.208.0/assert/assert_not_strict_equals.ts": "4cdef83df17488df555c8aac1f7f5ec2b84ad161b6d0645ccdbcc17654e80c99",
    "https://deno.land/std@0.208.0/assert/assert_object_match.ts": "d8fc2867cfd92eeacf9cea621e10336b666de1874a6767b5ec48988838370b54",
    "https://deno.land/std@0.208.0/assert/assert_rejects.ts": "45c59724de2701e3b1f67c391d6c71c392363635aad3f68a1b3408f9efca0057",
    "https://deno.land/std@0.208.0/assert/assert_strict_equals.ts": "b1f538a7ea5f8348aeca261d4f9ca603127c665e0f2bbfeb91fa272787c87265",
    "https://deno.land/std@0.208.0/assert/assert_string_includes.ts": "b821d39ebf5cb0200a348863c86d8c4c4b398e02012ce74ad15666fc4b631b0c",
    "https://deno.land/std@0.208.0/assert/assert_throws.ts": "63784e951475cb7bdfd59878cd25a0931e18f6dc32a6077c454b2cd94f4f4bcd",
    "https://deno.land/std@0.208.0/assert/assertion_error.ts": "4d0bde9b374dfbcbe8ac23f54f567b77024fb67dbb1906a852d67fe050d42f56",
    "https://deno.land/std@0.208.0/assert/equal.ts": "9f1a46d5993966d2596c44e5858eec821859b45f783a5ee2f7a695dfc12d8ece",
    "https://deno.land/std@0.208.0/assert/fail.ts": "c36353d7ae6e1f7933d45f8ea51e358c8c4b67d7e7502028598fe1fea062e278",
    "https://deno.land/std@0.208.0/assert/mod.ts": "37c49a26aae2b254bbe25723434dc28cd7532e444cf0b481a97c045d110ec085",
    "https://deno.land/std@0.208.0/assert/unimplemented.ts": "d56fbeecb1f108331a380f72e3e010a1f161baa6956fd0f7cf3e095ae1a4c75a",
    "https://deno.land/std@0.208.0/assert/unreachable.ts": "4600dc0baf7d9c15a7f7d234f00c23bca8f3eba8b140286aaca7aa998cf9a536",
    "https://deno.land/std@0.208.0/fmt/colors.ts": "34b3f77432925eb72cf0bfb351616949746768620b8e5ead66da532f93d10ba2",
    "https://deno.land/x/indexeddb@1.3.4/lib/indexeddb.ts": "6d8eeec0c4074ed2e3ed5ae3c99e3b66703f772c791279d052680fe3b334de2d",
    "https://deno.land/x/indexeddb@1.3.4/lib/indexeddb_global.ts": "88269f2c9c97dbcb5641706bb17d14500eddb209da0fc8822ee4bbb5e57359f8",
    "https://deno.land/x/indexeddb@1.3.4/lib/shim.ts": "8b98a9395134220ac9dfe7314c3e27f37feffec0cab37dbf557f06f118b6eaad",
    "https://deno.land/x/indexeddb@1.3.4/polyfill.ts": "6a95a487f94d89f36f0d9255ee4ad916afc0fada8edb695f258f975c525ced22",
    "https://deno.land/x/pouchdb_deno@2.1.3-PouchDB+7.3.0/modules/pouchdb/mod.ts": "b4e222fc2bd757a612681b042942ab439c29d3fc209f7c64174017d96821b149",
    "https://deno.land/x/pouchdb_deno@2.1.3-PouchDB+7.3.0/modules/pouchdb_adapter_idb/mod.ts": "695e275de73379958cbad18a16ead7574fd145027437fbbbd0e9c093d1ee7791",
    "https://deno.land/x/pouchdb_deno@2.1.3-PouchDB+7.3.0/modules/pouchdb_adapter_indexeddb/mod.ts": "6ea5731b36637d7e4bcb8bd1fb8424648def9298c0fd112cf07f9c927259a8f3",
    "https://deno.land/x/pouchdb_deno@2.1.3-PouchDB+7.3.0/modules/pouchdb_adapter_memory/mod.ts": "3bf6d589e9e26111b9fc426fa5dd95653d6ee1a5e72bd8f690611e8d8bc6940a",
    "https://deno.land/x/pouchdb_deno@2.1.3-PouchDB+7.3.0/modules/pouchdb_deno_utils/capture_plugin.ts": "1e3c1fb0cb7406c8424affaa43ba4cd00378f2aa9b907ec62931fe6eb2e9112d",
    "https://deno.land/x/pouchdb_deno@2.1.3-PouchDB+7.3.0/modules/pouchdb_plugin_find/mod.ts": "cba575e0648b2f14b91e8df36961ecc55a7fb0822732ae11d911682b783215ca",
    "https://deno.land/x/pouchdb_deno@2.1.3-PouchDB+7.3.0/modules/pouchdb_plugin_upsert/mod.ts": "ba4f42ef9570e63bdf1cf7d760688e2003e7acfd8c9a9e137ac9d6e885ef00f7",
    "https://deno.land/x/pouchdb_deno@2.1.3-PouchDB+7.3.0/modules/pouchdb_types/pouchdb.ts": "a0bbe475adbd1d80dca17884f65b56c29861d578a49baac927834ce51ecfc739",
    "https://deno.land/x/sqlite@v3.3.0/build/sqlite.js": "0b74712a5db206aa399f9833c40fd08eb24dfaff5dee77749e4bcadb333ec676",
    "https://deno.land/x/sqlite@v3.3.0/build/vfs.js": "baff72655c0916c906327fe6703c6a47daa1346e55c2eaa2629bcd879a673c8d",
    "https://deno.land/x/sqlite@v3.3.0/mod.ts": "eb55ff3e103826ee735fa1a8ec2db6e96c8fec826faf198239c66a0fe635c4b6",
    "https://deno.land/x/sqlite@v3.3.0/src/constants.ts": "b967237b460fafa03ca03aeddb33953bed41c7cbdc309a934e2329a5c84079ac",
    "https://deno.land/x/sqlite@v3.3.0/src/db.ts": "59b9c4fbe733da0e512dcd6b1f1f6a5ac8b165b565505670e9b81a73803dd36a",
    "https://deno.land/x/sqlite@v3.3.0/src/error.ts": "abf9df169951faf8c21a68d99ef9efd257c788c19784f27dd147507fbdfe5fe7",
    "https://deno.land/x/sqlite@v3.3.0/src/query.ts": "df4d3d6b23d52b36243dd47c07ed6ed7cd23f7834a0f6a2f2c6dbffba63d4c28",
    "https://deno.land/x/sqlite@v3.3.0/src/wasm.ts": "e79d0baa6e42423257fb3c7cc98091c54399254867e0f34a09b5bdef37bd9487",
    "https://deno.land/x/websql@1.3.2/deps.ts": "2bda07c0ee0eae5f23b5dde415c983c59fb945256f5a9026402eb9118945c025",
    "https://deno.land/x/websql@1.3.2/mod.ts": "e7a44b9f376761e5592facd30ed27acae47633275a32eed57cd64f16a461222f",
    "https://deno.land/x/websql@1.3.2/src/Database.ts": "ed5f8ae33165d2dd9c3ea1be0b427377628f9437bfe49bfabc32efb3908dc1d5",
    "https://deno.land/x/websql@1.3.2/src/SQLResultSet.ts": "fcd83582439c0032794fa26bbbe9e47790467fa5ef1cba1c8a9fddb334f23bf1",
    "https://deno.land/x/websql@1.3.2/src/SQLResultSetRowList.ts": "d13bda459cc73bc7e4d596a0411f1e4647d1204a8fddfd42a51720a20d4bf562",
    "https://deno.land/x/websql@1.3.2/src/SQLTransaction.ts": "bda17665d54793976957af94a300834e5f07ee546d67e919f14da2a7f77fc797",
    "https://deno.land/x/websql@1.3.2/src/SQLiteDBCache.ts": "0c5a67598e39e54c317b40fff3ffc9945e5a9ed0b0c91b5d8a2b379d59c4f4a4",
    "https://raw.githubusercontent.com/hyper63/hyper/hyper-utils%40v0.1.2/packages/utils/hyper-err.js": "f986161ae389d3b693801022f80d02cf3d5a8cb08c3f7734b4d8e44d3da86fed"
  }
}
